// !$*UTF8*$!
{
	archiveVersion = 1;
	classes = {
	};
	objectVersion = 56;
	objects = {

/* Begin PBXBuildFile section */
		D43B284F2752D64E7DE0B2D8 /* Pods_FirebaseChat.framework in Frameworks */ = {isa = PBXBuildFile; fileRef = 32B3C038758BBE7DAEFD9309 /* Pods_FirebaseChat.framework */; };
		F9147E072EDC70360092A84E /* ImageMessageCell.swift in Sources */ = {isa = PBXBuildFile; fileRef = F9147E052EDC70360092A84E /* ImageMessageCell.swift */; };
		F9147E082EDC70360092A84E /* ImageMessageCell.xib in Resources */ = {isa = PBXBuildFile; fileRef = F9147E062EDC70360092A84E /* ImageMessageCell.xib */; };
		F9147E1A2EDD68C30092A84E /* MixedMessageCell.swift in Sources */ = {isa = PBXBuildFile; fileRef = F9147E192EDD68C30092A84E /* MixedMessageCell.swift */; };
		F9147E1D2EDD75B70092A84E /* MixedReplyMessageCell.xib in Resources */ = {isa = PBXBuildFile; fileRef = F9147E1C2EDD75B70092A84E /* MixedReplyMessageCell.xib */; };
		F9147E1E2EDD75B70092A84E /* MixedReplyMessageCell.swift in Sources */ = {isa = PBXBuildFile; fileRef = F9147E1B2EDD75B70092A84E /* MixedReplyMessageCell.swift */; };
		F9C39B232EDB137C00278284 /* UserCell.xib in Resources */ = {isa = PBXBuildFile; fileRef = F9C39B112EDB137C00278284 /* UserCell.xib */; };
		F9C39B242EDB137C00278284 /* Assets.xcassets in Resources */ = {isa = PBXBuildFile; fileRef = F9C39B1B2EDB137C00278284 /* Assets.xcassets */; };
		F9C39B262EDB137C00278284 /* LaunchScreen.storyboard in Resources */ = {isa = PBXBuildFile; fileRef = F9C39B1E2EDB137C00278284 /* LaunchScreen.storyboard */; };
		F9C39B272EDB137C00278284 /* Main.storyboard in Resources */ = {isa = PBXBuildFile; fileRef = F9C39B202EDB137C00278284 /* Main.storyboard */; };
		F9C39B282EDB137C00278284 /* UserCell.swift in Sources */ = {isa = PBXBuildFile; fileRef = F9C39B102EDB137C00278284 /* UserCell.swift */; };
		F9C39B292EDB137C00278284 /* SignupVC.swift in Sources */ = {isa = PBXBuildFile; fileRef = F9C39B132EDB137C00278284 /* SignupVC.swift */; };
		F9C39B2A2EDB137C00278284 /* UserListVC.swift in Sources */ = {isa = PBXBuildFile; fileRef = F9C39B142EDB137C00278284 /* UserListVC.swift */; };
		F9C39B2B2EDB137C00278284 /* Designable.swift in Sources */ = {isa = PBXBuildFile; fileRef = F9C39B162EDB137C00278284 /* Designable.swift */; };
		F9C39B2C2EDB137C00278284 /* ViewExtension.swift in Sources */ = {isa = PBXBuildFile; fileRef = F9C39B172EDB137C00278284 /* ViewExtension.swift */; };
		F9C39B2D2EDB137C00278284 /* AppDelegate.swift in Sources */ = {isa = PBXBuildFile; fileRef = F9C39B1A2EDB137C00278284 /* AppDelegate.swift */; };
		F9C39B2E2EDB137C00278284 /* SceneDelegate.swift in Sources */ = {isa = PBXBuildFile; fileRef = F9C39B212EDB137C00278284 /* SceneDelegate.swift */; };
		F9C39B322EDB15B700278284 /* GoogleService-Info.plist in Resources */ = {isa = PBXBuildFile; fileRef = F9C39B312EDB15B700278284 /* GoogleService-Info.plist */; };
		F9F7EC582EDB59D400E2A87F /* UserModel.swift in Sources */ = {isa = PBXBuildFile; fileRef = F9F7EC572EDB59D400E2A87F /* UserModel.swift */; };
		F9F7EC622EDB5AA300E2A87F /* saveuser.swift in Sources */ = {isa = PBXBuildFile; fileRef = F9F7EC612EDB5AA300E2A87F /* saveuser.swift */; };
		F9F7EC642EDB5DDC00E2A87F /* ChatScreen.swift in Sources */ = {isa = PBXBuildFile; fileRef = F9F7EC632EDB5DDC00E2A87F /* ChatScreen.swift */; };
		F9F7EC672EDB5EE100E2A87F /* ChatCell.swift in Sources */ = {isa = PBXBuildFile; fileRef = F9F7EC652EDB5EE100E2A87F /* ChatCell.swift */; };
		F9F7EC682EDB5EE100E2A87F /* ChatCell.xib in Resources */ = {isa = PBXBuildFile; fileRef = F9F7EC662EDB5EE100E2A87F /* ChatCell.xib */; };
		F9F7EC6C2EDB63C100E2A87F /* MessageModel.swift in Sources */ = {isa = PBXBuildFile; fileRef = F9F7EC6B2EDB63C100E2A87F /* MessageModel.swift */; };
		F9F7EC6E2EDB660500E2A87F /* placeholderTextView.swift in Sources */ = {isa = PBXBuildFile; fileRef = F9F7EC6D2EDB660500E2A87F /* placeholderTextView.swift */; };
/* End PBXBuildFile section */

/* Begin PBXFileReference section */
		32B3C038758BBE7DAEFD9309 /* Pods_FirebaseChat.framework */ = {isa = PBXFileReference; explicitFileType = wrapper.framework; includeInIndex = 0; path = Pods_FirebaseChat.framework; sourceTree = BUILT_PRODUCTS_DIR; };
		42A847F918747638C9499607 /* Pods-FirebaseChat.debug.xcconfig */ = {isa = PBXFileReference; includeInIndex = 1; lastKnownFileType = text.xcconfig; name = "Pods-FirebaseChat.debug.xcconfig"; path = "Target Support Files/Pods-FirebaseChat/Pods-FirebaseChat.debug.xcconfig"; sourceTree = "<group>"; };
		7D71E5E8CB7C3EDBFC28BF74 /* Pods-FirebaseChat.release.xcconfig */ = {isa = PBXFileReference; includeInIndex = 1; lastKnownFileType = text.xcconfig; name = "Pods-FirebaseChat.release.xcconfig"; path = "Target Support Files/Pods-FirebaseChat/Pods-FirebaseChat.release.xcconfig"; sourceTree = "<group>"; };
		F9147E052EDC70360092A84E /* ImageMessageCell.swift */ = {isa = PBXFileReference; lastKnownFileType = sourcecode.swift; path = ImageMessageCell.swift; sourceTree = "<group>"; };
		F9147E062EDC70360092A84E /* ImageMessageCell.xib */ = {isa = PBXFileReference; lastKnownFileType = file.xib; path = ImageMessageCell.xib; sourceTree = "<group>"; };
		F9147E192EDD68C30092A84E /* MixedMessageCell.swift */ = {isa = PBXFileReference; lastKnownFileType = sourcecode.swift; path = MixedMessageCell.swift; sourceTree = "<group>"; };
		F9147E1B2EDD75B70092A84E /* MixedReplyMessageCell.swift */ = {isa = PBXFileReference; lastKnownFileType = sourcecode.swift; path = MixedReplyMessageCell.swift; sourceTree = "<group>"; };
		F9147E1C2EDD75B70092A84E /* MixedReplyMessageCell.xib */ = {isa = PBXFileReference; lastKnownFileType = file.xib; path = MixedReplyMessageCell.xib; sourceTree = "<group>"; };
		F9C39AD62EDB0A7600278284 /* FirebaseChat.app */ = {isa = PBXFileReference; explicitFileType = wrapper.application; includeInIndex = 0; path = FirebaseChat.app; sourceTree = BUILT_PRODUCTS_DIR; };
		F9C39B102EDB137C00278284 /* UserCell.swift */ = {isa = PBXFileReference; lastKnownFileType = sourcecode.swift; path = UserCell.swift; sourceTree = "<group>"; };
		F9C39B112EDB137C00278284 /* UserCell.xib */ = {isa = PBXFileReference; lastKnownFileType = file.xib; path = UserCell.xib; sourceTree = "<group>"; };
		F9C39B132EDB137C00278284 /* SignupVC.swift */ = {isa = PBXFileReference; lastKnownFileType = sourcecode.swift; path = SignupVC.swift; sourceTree = "<group>"; };
		F9C39B142EDB137C00278284 /* UserListVC.swift */ = {isa = PBXFileReference; lastKnownFileType = sourcecode.swift; path = UserListVC.swift; sourceTree = "<group>"; };
		F9C39B162EDB137C00278284 /* Designable.swift */ = {isa = PBXFileReference; lastKnownFileType = sourcecode.swift; path = Designable.swift; sourceTree = "<group>"; };
		F9C39B172EDB137C00278284 /* ViewExtension.swift */ = {isa = PBXFileReference; lastKnownFileType = sourcecode.swift; path = ViewExtension.swift; sourceTree = "<group>"; };
		F9C39B1A2EDB137C00278284 /* AppDelegate.swift */ = {isa = PBXFileReference; lastKnownFileType = sourcecode.swift; path = AppDelegate.swift; sourceTree = "<group>"; };
		F9C39B1B2EDB137C00278284 /* Assets.xcassets */ = {isa = PBXFileReference; lastKnownFileType = folder.assetcatalog; path = Assets.xcassets; sourceTree = "<group>"; };
		F9C39B1C2EDB137C00278284 /* Info.plist */ = {isa = PBXFileReference; lastKnownFileType = text.plist.xml; path = Info.plist; sourceTree = "<group>"; };
		F9C39B1D2EDB137C00278284 /* Base */ = {isa = PBXFileReference; lastKnownFileType = file.storyboard; name = Base; path = Base.lproj/LaunchScreen.storyboard; sourceTree = "<group>"; };
		F9C39B1F2EDB137C00278284 /* Base */ = {isa = PBXFileReference; lastKnownFileType = file.storyboard; name = Base; path = Base.lproj/Main.storyboard; sourceTree = "<group>"; };
		F9C39B212EDB137C00278284 /* SceneDelegate.swift */ = {isa = PBXFileReference; lastKnownFileType = sourcecode.swift; path = SceneDelegate.swift; sourceTree = "<group>"; };
		F9C39B312EDB15B700278284 /* GoogleService-Info.plist */ = {isa = PBXFileReference; lastKnownFileType = text.plist.xml; path = "GoogleService-Info.plist"; sourceTree = "<group>"; };
		F9F7EC572EDB59D400E2A87F /* UserModel.swift */ = {isa = PBXFileReference; lastKnownFileType = sourcecode.swift; path = UserModel.swift; sourceTree = "<group>"; };
		F9F7EC612EDB5AA300E2A87F /* saveuser.swift */ = {isa = PBXFileReference; lastKnownFileType = sourcecode.swift; path = saveuser.swift; sourceTree = "<group>"; };
		F9F7EC632EDB5DDC00E2A87F /* ChatScreen.swift */ = {isa = PBXFileReference; lastKnownFileType = sourcecode.swift; path = ChatScreen.swift; sourceTree = "<group>"; };
		F9F7EC652EDB5EE100E2A87F /* ChatCell.swift */ = {isa = PBXFileReference; lastKnownFileType = sourcecode.swift; path = ChatCell.swift; sourceTree = "<group>"; };
		F9F7EC662EDB5EE100E2A87F /* ChatCell.xib */ = {isa = PBXFileReference; lastKnownFileType = file.xib; path = ChatCell.xib; sourceTree = "<group>"; };
		F9F7EC6B2EDB63C100E2A87F /* MessageModel.swift */ = {isa = PBXFileReference; lastKnownFileType = sourcecode.swift; path = MessageModel.swift; sourceTree = "<group>"; };
		F9F7EC6D2EDB660500E2A87F /* placeholderTextView.swift */ = {isa = PBXFileReference; lastKnownFileType = sourcecode.swift; path = placeholderTextView.swift; sourceTree = "<group>"; };
/* End PBXFileReference section */

/* Begin PBXFrameworksBuildPhase section */
		F9C39AD32EDB0A7600278284 /* Frameworks */ = {
			isa = PBXFrameworksBuildPhase;
			buildActionMask = 2147483647;
			files = (
				D43B284F2752D64E7DE0B2D8 /* Pods_FirebaseChat.framework in Frameworks */,
			);
			runOnlyForDeploymentPostprocessing = 0;
		};
/* End PBXFrameworksBuildPhase section */

/* Begin PBXGroup section */
		5E3504B06EFB8ED60C10AB6B /* Frameworks */ = {
			isa = PBXGroup;
			children = (
				32B3C038758BBE7DAEFD9309 /* Pods_FirebaseChat.framework */,
			);
			name = Frameworks;
			sourceTree = "<group>";
		};
		9AC74DFC18C4991C222F8CCD /* Pods */ = {
			isa = PBXGroup;
			children = (
				42A847F918747638C9499607 /* Pods-FirebaseChat.debug.xcconfig */,
				7D71E5E8CB7C3EDBFC28BF74 /* Pods-FirebaseChat.release.xcconfig */,
			);
			path = Pods;
			sourceTree = "<group>";
		};
		F9C39ACD2EDB0A7600278284 = {
			isa = PBXGroup;
			children = (
				F9C39B222EDB137C00278284 /* FirebaseChat */,
				F9C39AD72EDB0A7600278284 /* Products */,
				9AC74DFC18C4991C222F8CCD /* Pods */,
				5E3504B06EFB8ED60C10AB6B /* Frameworks */,
			);
			sourceTree = "<group>";
		};
		F9C39AD72EDB0A7600278284 /* Products */ = {
			isa = PBXGroup;
			children = (
				F9C39AD62EDB0A7600278284 /* FirebaseChat.app */,
			);
			name = Products;
			sourceTree = "<group>";
		};
		F9C39B122EDB137C00278284 /* Cell */ = {
			isa = PBXGroup;
			children = (
				F9C39B102EDB137C00278284 /* UserCell.swift */,
				F9C39B112EDB137C00278284 /* UserCell.xib */,
				F9F7EC652EDB5EE100E2A87F /* ChatCell.swift */,
				F9F7EC662EDB5EE100E2A87F /* ChatCell.xib */,
				F9147E052EDC70360092A84E /* ImageMessageCell.swift */,
				F9147E062EDC70360092A84E /* ImageMessageCell.xib */,
				F9147E192EDD68C30092A84E /* MixedMessageCell.swift */,
				F9147E1B2EDD75B70092A84E /* MixedReplyMessageCell.swift */,
				F9147E1C2EDD75B70092A84E /* MixedReplyMessageCell.xib */,
			);
			path = Cell;
			sourceTree = "<group>";
		};
		F9C39B152EDB137C00278284 /* Controller */ = {
			isa = PBXGroup;
			children = (
				F9C39B132EDB137C00278284 /* SignupVC.swift */,
				F9C39B142EDB137C00278284 /* UserListVC.swift */,
				F9F7EC632EDB5DDC00E2A87F /* ChatScreen.swift */,
			);
			path = Controller;
			sourceTree = "<group>";
		};
		F9C39B182EDB137C00278284 /* Extension */ = {
			isa = PBXGroup;
			children = (
				F9C39B162EDB137C00278284 /* Designable.swift */,
				F9C39B172EDB137C00278284 /* ViewExtension.swift */,
				F9F7EC612EDB5AA300E2A87F /* saveuser.swift */,
				F9F7EC6D2EDB660500E2A87F /* placeholderTextView.swift */,
			);
			path = Extension;
			sourceTree = "<group>";
		};
		F9C39B192EDB137C00278284 /* Model */ = {
			isa = PBXGroup;
			children = (
				F9F7EC572EDB59D400E2A87F /* UserModel.swift */,
				F9F7EC6B2EDB63C100E2A87F /* MessageModel.swift */,
			);
			path = Model;
			sourceTree = "<group>";
		};
		F9C39B222EDB137C00278284 /* FirebaseChat */ = {
			isa = PBXGroup;
			children = (
				F9C39B122EDB137C00278284 /* Cell */,
				F9C39B152EDB137C00278284 /* Controller */,
				F9C39B182EDB137C00278284 /* Extension */,
				F9C39B192EDB137C00278284 /* Model */,
				F9C39B1A2EDB137C00278284 /* AppDelegate.swift */,
				F9C39B1B2EDB137C00278284 /* Assets.xcassets */,
				F9C39B1C2EDB137C00278284 /* Info.plist */,
				F9C39B1E2EDB137C00278284 /* LaunchScreen.storyboard */,
				F9C39B312EDB15B700278284 /* GoogleService-Info.plist */,
				F9C39B202EDB137C00278284 /* Main.storyboard */,
				F9C39B212EDB137C00278284 /* SceneDelegate.swift */,
			);
			path = FirebaseChat;
			sourceTree = "<group>";
		};
/* End PBXGroup section */

/* Begin PBXNativeTarget section */
		F9C39AD52EDB0A7600278284 /* FirebaseChat */ = {
			isa = PBXNativeTarget;
			buildConfigurationList = F9C39AE92EDB0A7900278284 /* Build configuration list for PBXNativeTarget "FirebaseChat" */;
			buildPhases = (
				BA5BB321358D94EB4AA9DB64 /* [CP] Check Pods Manifest.lock */,
				F9C39AD22EDB0A7600278284 /* Sources */,
				F9C39AD32EDB0A7600278284 /* Frameworks */,
				F9C39AD42EDB0A7600278284 /* Resources */,
				4420B4371786C0CF4D0C6DEF /* [CP] Embed Pods Frameworks */,
			);
			buildRules = (
			);
			dependencies = (
			);
			name = FirebaseChat;
			productName = FirebaseChat;
			productReference = F9C39AD62EDB0A7600278284 /* FirebaseChat.app */;
			productType = "com.apple.product-type.application";
		};
/* End PBXNativeTarget section */

/* Begin PBXProject section */
		F9C39ACE2EDB0A7600278284 /* Project object */ = {
			isa = PBXProject;
			attributes = {
				BuildIndependentTargetsInParallel = 1;
				LastSwiftUpdateCheck = 1620;
				LastUpgradeCheck = 1620;
				TargetAttributes = {
					F9C39AD52EDB0A7600278284 = {
						CreatedOnToolsVersion = 16.2;
					};
				};
			};
			buildConfigurationList = F9C39AD12EDB0A7600278284 /* Build configuration list for PBXProject "FirebaseChat" */;
			compatibilityVersion = "Xcode 14.0";
			developmentRegion = en;
			hasScannedForEncodings = 0;
			knownRegions = (
				en,
				Base,
			);
			mainGroup = F9C39ACD2EDB0A7600278284;
			productRefGroup = F9C39AD72EDB0A7600278284 /* Products */;
			projectDirPath = "";
			projectRoot = "";
			targets = (
				F9C39AD52EDB0A7600278284 /* FirebaseChat */,
			);
		};
/* End PBXProject section */

/* Begin PBXResourcesBuildPhase section */
		F9C39AD42EDB0A7600278284 /* Resources */ = {
			isa = PBXResourcesBuildPhase;
			buildActionMask = 2147483647;
			files = (
				F9147E082EDC70360092A84E /* ImageMessageCell.xib in Resources */,
				F9C39B232EDB137C00278284 /* UserCell.xib in Resources */,
				F9147E1D2EDD75B70092A84E /* MixedReplyMessageCell.xib in Resources */,
				F9F7EC682EDB5EE100E2A87F /* ChatCell.xib in Resources */,
				F9C39B242EDB137C00278284 /* Assets.xcassets in Resources */,
				F9C39B322EDB15B700278284 /* GoogleService-Info.plist in Resources */,
				F9C39B262EDB137C00278284 /* LaunchScreen.storyboard in Resources */,
				F9C39B272EDB137C00278284 /* Main.storyboard in Resources */,
			);
			runOnlyForDeploymentPostprocessing = 0;
		};
/* End PBXResourcesBuildPhase section */

/* Begin PBXShellScriptBuildPhase section */
		4420B4371786C0CF4D0C6DEF /* [CP] Embed Pods Frameworks */ = {
			isa = PBXShellScriptBuildPhase;
			buildActionMask = 2147483647;
			files = (
			);
			inputFileListPaths = (
				"${PODS_ROOT}/Target Support Files/Pods-FirebaseChat/Pods-FirebaseChat-frameworks-${CONFIGURATION}-input-files.xcfilelist",
			);
			name = "[CP] Embed Pods Frameworks";
			outputFileListPaths = (
				"${PODS_ROOT}/Target Support Files/Pods-FirebaseChat/Pods-FirebaseChat-frameworks-${CONFIGURATION}-output-files.xcfilelist",
			);
			runOnlyForDeploymentPostprocessing = 0;
			shellPath = /bin/sh;
			shellScript = "\"${PODS_ROOT}/Target Support Files/Pods-FirebaseChat/Pods-FirebaseChat-frameworks.sh\"\n";
			showEnvVarsInLog = 0;
		};
		BA5BB321358D94EB4AA9DB64 /* [CP] Check Pods Manifest.lock */ = {
			isa = PBXShellScriptBuildPhase;
			buildActionMask = 2147483647;
			files = (
			);
			inputFileListPaths = (
			);
			inputPaths = (
				"${PODS_PODFILE_DIR_PATH}/Podfile.lock",
				"${PODS_ROOT}/Manifest.lock",
			);
			name = "[CP] Check Pods Manifest.lock";
			outputFileListPaths = (
			);
			outputPaths = (
				"$(DERIVED_FILE_DIR)/Pods-FirebaseChat-checkManifestLockResult.txt",
			);
			runOnlyForDeploymentPostprocessing = 0;
			shellPath = /bin/sh;
			shellScript = "diff \"${PODS_PODFILE_DIR_PATH}/Podfile.lock\" \"${PODS_ROOT}/Manifest.lock\" > /dev/null\nif [ $? != 0 ] ; then\n    # print error to STDERR\n    echo \"error: The sandbox is not in sync with the Podfile.lock. Run 'pod install' or update your CocoaPods installation.\" >&2\n    exit 1\nfi\n# This output is used by Xcode 'outputs' to avoid re-running this script phase.\necho \"SUCCESS\" > \"${SCRIPT_OUTPUT_FILE_0}\"\n";
			showEnvVarsInLog = 0;
		};
/* End PBXShellScriptBuildPhase section */

/* Begin PBXSourcesBuildPhase section */
		F9C39AD22EDB0A7600278284 /* Sources */ = {
			isa = PBXSourcesBuildPhase;
			buildActionMask = 2147483647;
			files = (
				F9C39B282EDB137C00278284 /* UserCell.swift in Sources */,
				F9F7EC642EDB5DDC00E2A87F /* ChatScreen.swift in Sources */,
				F9F7EC672EDB5EE100E2A87F /* ChatCell.swift in Sources */,
				F9147E072EDC70360092A84E /* ImageMessageCell.swift in Sources */,
				F9C39B292EDB137C00278284 /* SignupVC.swift in Sources */,
				F9147E1A2EDD68C30092A84E /* MixedMessageCell.swift in Sources */,
				F9F7EC622EDB5AA300E2A87F /* saveuser.swift in Sources */,
				F9F7EC582EDB59D400E2A87F /* UserModel.swift in Sources */,
				F9F7EC6E2EDB660500E2A87F /* placeholderTextView.swift in Sources */,
				F9C39B2A2EDB137C00278284 /* UserListVC.swift in Sources */,
				F9F7EC6C2EDB63C100E2A87F /* MessageModel.swift in Sources */,
				F9C39B2B2EDB137C00278284 /* Designable.swift in Sources */,
				F9C39B2C2EDB137C00278284 /* ViewExtension.swift in Sources */,
				F9C39B2D2EDB137C00278284 /* AppDelegate.swift in Sources */,
				F9147E1E2EDD75B70092A84E /* MixedReplyMessageCell.swift in Sources */,
				F9C39B2E2EDB137C00278284 /* SceneDelegate.swift in Sources */,
			);
			runOnlyForDeploymentPostprocessing = 0;
		};
/* End PBXSourcesBuildPhase section */

/* Begin PBXVariantGroup section */
		F9C39B1E2EDB137C00278284 /* LaunchScreen.storyboard */ = {
			isa = PBXVariantGroup;
			children = (
				F9C39B1D2EDB137C00278284 /* Base */,
			);
			name = LaunchScreen.storyboard;
			sourceTree = "<group>";
		};
		F9C39B202EDB137C00278284 /* Main.storyboard */ = {
			isa = PBXVariantGroup;
			children = (
				F9C39B1F2EDB137C00278284 /* Base */,
			);
			name = Main.storyboard;
			sourceTree = "<group>";
		};
/* End PBXVariantGroup section */

/* Begin XCBuildConfiguration section */
		F9C39AEA2EDB0A7900278284 /* Debug */ = {
			isa = XCBuildConfiguration;
			baseConfigurationReference = 42A847F918747638C9499607 /* Pods-FirebaseChat.debug.xcconfig */;
			buildSettings = {
				ASSETCATALOG_COMPILER_APPICON_NAME = AppIcon;
				ASSETCATALOG_COMPILER_GLOBAL_ACCENT_COLOR_NAME = AccentColor;
				CODE_SIGN_STYLE = Automatic;
				CURRENT_PROJECT_VERSION = 1;
				DEVELOPMENT_TEAM = RQ9DN8WL4A;
				ENABLE_USER_SCRIPT_SANDBOXING = NO;
				GENERATE_INFOPLIST_FILE = YES;
				INFOPLIST_FILE = FirebaseChat/Info.plist;
				INFOPLIST_KEY_UIApplicationSupportsIndirectInputEvents = YES;
				INFOPLIST_KEY_UILaunchStoryboardName = LaunchScreen;
				INFOPLIST_KEY_UIMainStoryboardFile = Main;
				INFOPLIST_KEY_UISupportedInterfaceOrientations_iPad = "UIInterfaceOrientationPortrait UIInterfaceOrientationPortraitUpsideDown UIInterfaceOrientationLandscapeLeft UIInterfaceOrientationLandscapeRight";
				INFOPLIST_KEY_UISupportedInterfaceOrientations_iPhone = "UIInterfaceOrientationPortrait UIInterfaceOrientationLandscapeLeft UIInterfaceOrientationLandscapeRight";
				LD_RUNPATH_SEARCH_PATHS = (
					"$(inherited)",
					"@executable_path/Frameworks",
				);
				MARKETING_VERSION = 1.0;
				PRODUCT_BUNDLE_IDENTIFIER = com.map.FirebaseChat;
				PRODUCT_NAME = "$(TARGET_NAME)";
				SWIFT_EMIT_LOC_STRINGS = YES;
				SWIFT_VERSION = 5.0;
				TARGETED_DEVICE_FAMILY = "1,2";
			};
			name = Debug;
		};
		F9C39AEB2EDB0A7900278284 /* Release */ = {
			isa = XCBuildConfiguration;
			baseConfigurationReference = 7D71E5E8CB7C3EDBFC28BF74 /* Pods-FirebaseChat.release.xcconfig */;
			buildSettings = {
				ASSETCATALOG_COMPILER_APPICON_NAME = AppIcon;
				ASSETCATALOG_COMPILER_GLOBAL_ACCENT_COLOR_NAME = AccentColor;
				CODE_SIGN_STYLE = Automatic;
				CURRENT_PROJECT_VERSION = 1;
				DEVELOPMENT_TEAM = RQ9DN8WL4A;
				ENABLE_USER_SCRIPT_SANDBOXING = NO;
				GENERATE_INFOPLIST_FILE = YES;
				INFOPLIST_FILE = FirebaseChat/Info.plist;
				INFOPLIST_KEY_UIApplicationSupportsIndirectInputEvents = YES;
				INFOPLIST_KEY_UILaunchStoryboardName = LaunchScreen;
				INFOPLIST_KEY_UIMainStoryboardFile = Main;
				INFOPLIST_KEY_UISupportedInterfaceOrientations_iPad = "UIInterfaceOrientationPortrait UIInterfaceOrientationPortraitUpsideDown UIInterfaceOrientationLandscapeLeft UIInterfaceOrientationLandscapeRight";
				INFOPLIST_KEY_UISupportedInterfaceOrientations_iPhone = "UIInterfaceOrientationPortrait UIInterfaceOrientationLandscapeLeft UIInterfaceOrientationLandscapeRight";
				LD_RUNPATH_SEARCH_PATHS = (
					"$(inherited)",
					"@executable_path/Frameworks",
				);
				MARKETING_VERSION = 1.0;
				PRODUCT_BUNDLE_IDENTIFIER = com.map.FirebaseChat;
				PRODUCT_NAME = "$(TARGET_NAME)";
				SWIFT_EMIT_LOC_STRINGS = YES;
				SWIFT_VERSION = 5.0;
				TARGETED_DEVICE_FAMILY = "1,2";
			};
			name = Release;
		};
		F9C39AEC2EDB0A7900278284 /* Debug */ = {
			isa = XCBuildConfiguration;
			buildSettings = {
				ALWAYS_SEARCH_USER_PATHS = NO;
				ASSETCATALOG_COMPILER_GENERATE_SWIFT_ASSET_SYMBOL_EXTENSIONS = YES;
				CLANG_ANALYZER_NONNULL = YES;
				CLANG_ANALYZER_NUMBER_OBJECT_CONVERSION = YES_AGGRESSIVE;
				CLANG_CXX_LANGUAGE_STANDARD = "gnu++20";
				CLANG_ENABLE_MODULES = YES;
				CLANG_ENABLE_OBJC_ARC = YES;
				CLANG_ENABLE_OBJC_WEAK = YES;
				CLANG_WARN_BLOCK_CAPTURE_AUTORELEASING = YES;
				CLANG_WARN_BOOL_CONVERSION = YES;
				CLANG_WARN_COMMA = YES;
				CLANG_WARN_CONSTANT_CONVERSION = YES;
				CLANG_WARN_DEPRECATED_OBJC_IMPLEMENTATIONS = YES;
				CLANG_WARN_DIRECT_OBJC_ISA_USAGE = YES_ERROR;
				CLANG_WARN_DOCUMENTATION_COMMENTS = YES;
				CLANG_WARN_EMPTY_BODY = YES;
				CLANG_WARN_ENUM_CONVERSION = YES;
				CLANG_WARN_INFINITE_RECURSION = YES;
				CLANG_WARN_INT_CONVERSION = YES;
				CLANG_WARN_NON_LITERAL_NULL_CONVERSION = YES;
				CLANG_WARN_OBJC_IMPLICIT_RETAIN_SELF = YES;
				CLANG_WARN_OBJC_LITERAL_CONVERSION = YES;
				CLANG_WARN_OBJC_ROOT_CLASS = YES_ERROR;
				CLANG_WARN_QUOTED_INCLUDE_IN_FRAMEWORK_HEADER = YES;
				CLANG_WARN_RANGE_LOOP_ANALYSIS = YES;
				CLANG_WARN_STRICT_PROTOTYPES = YES;
				CLANG_WARN_SUSPICIOUS_MOVE = YES;
				CLANG_WARN_UNGUARDED_AVAILABILITY = YES_AGGRESSIVE;
				CLANG_WARN_UNREACHABLE_CODE = YES;
				CLANG_WARN__DUPLICATE_METHOD_MATCH = YES;
				COPY_PHASE_STRIP = NO;
				DEBUG_INFORMATION_FORMAT = dwarf;
				ENABLE_STRICT_OBJC_MSGSEND = YES;
				ENABLE_TESTABILITY = YES;
				ENABLE_USER_SCRIPT_SANDBOXING = YES;
				GCC_C_LANGUAGE_STANDARD = gnu17;
				GCC_DYNAMIC_NO_PIC = NO;
				GCC_NO_COMMON_BLOCKS = YES;
				GCC_OPTIMIZATION_LEVEL = 0;
				GCC_PREPROCESSOR_DEFINITIONS = (
					"DEBUG=1",
					"$(inherited)",
				);
				GCC_WARN_64_TO_32_BIT_CONVERSION = YES;
				GCC_WARN_ABOUT_RETURN_TYPE = YES_ERROR;
				GCC_WARN_UNDECLARED_SELECTOR = YES;
				GCC_WARN_UNINITIALIZED_AUTOS = YES_AGGRESSIVE;
				GCC_WARN_UNUSED_FUNCTION = YES;
				GCC_WARN_UNUSED_VARIABLE = YES;
				IPHONEOS_DEPLOYMENT_TARGET = 18.2;
				LOCALIZATION_PREFERS_STRING_CATALOGS = YES;
				MTL_ENABLE_DEBUG_INFO = INCLUDE_SOURCE;
				MTL_FAST_MATH = YES;
				ONLY_ACTIVE_ARCH = YES;
				SDKROOT = iphoneos;
				SWIFT_ACTIVE_COMPILATION_CONDITIONS = "DEBUG $(inherited)";
				SWIFT_OPTIMIZATION_LEVEL = "-Onone";
			};
			name = Debug;
		};
		F9C39AED2EDB0A7900278284 /* Release */ = {
			isa = XCBuildConfiguration;
			buildSettings = {
				ALWAYS_SEARCH_USER_PATHS = NO;
				ASSETCATALOG_COMPILER_GENERATE_SWIFT_ASSET_SYMBOL_EXTENSIONS = YES;
				CLANG_ANALYZER_NONNULL = YES;
				CLANG_ANALYZER_NUMBER_OBJECT_CONVERSION = YES_AGGRESSIVE;
				CLANG_CXX_LANGUAGE_STANDARD = "gnu++20";
				CLANG_ENABLE_MODULES = YES;
				CLANG_ENABLE_OBJC_ARC = YES;
				CLANG_ENABLE_OBJC_WEAK = YES;
				CLANG_WARN_BLOCK_CAPTURE_AUTORELEASING = YES;
				CLANG_WARN_BOOL_CONVERSION = YES;
				CLANG_WARN_COMMA = YES;
				CLANG_WARN_CONSTANT_CONVERSION = YES;
				CLANG_WARN_DEPRECATED_OBJC_IMPLEMENTATIONS = YES;
				CLANG_WARN_DIRECT_OBJC_ISA_USAGE = YES_ERROR;
				CLANG_WARN_DOCUMENTATION_COMMENTS = YES;
				CLANG_WARN_EMPTY_BODY = YES;
				CLANG_WARN_ENUM_CONVERSION = YES;
				CLANG_WARN_INFINITE_RECURSION = YES;
				CLANG_WARN_INT_CONVERSION = YES;
				CLANG_WARN_NON_LITERAL_NULL_CONVERSION = YES;
				CLANG_WARN_OBJC_IMPLICIT_RETAIN_SELF = YES;
				CLANG_WARN_OBJC_LITERAL_CONVERSION = YES;
				CLANG_WARN_OBJC_ROOT_CLASS = YES_ERROR;
				CLANG_WARN_QUOTED_INCLUDE_IN_FRAMEWORK_HEADER = YES;
				CLANG_WARN_RANGE_LOOP_ANALYSIS = YES;
				CLANG_WARN_STRICT_PROTOTYPES = YES;
				CLANG_WARN_SUSPICIOUS_MOVE = YES;
				CLANG_WARN_UNGUARDED_AVAILABILITY = YES_AGGRESSIVE;
				CLANG_WARN_UNREACHABLE_CODE = YES;
				CLANG_WARN__DUPLICATE_METHOD_MATCH = YES;
				COPY_PHASE_STRIP = NO;
				DEBUG_INFORMATION_FORMAT = "dwarf-with-dsym";
				ENABLE_NS_ASSERTIONS = NO;
				ENABLE_STRICT_OBJC_MSGSEND = YES;
				ENABLE_USER_SCRIPT_SANDBOXING = YES;
				GCC_C_LANGUAGE_STANDARD = gnu17;
				GCC_NO_COMMON_BLOCKS = YES;
				GCC_WARN_64_TO_32_BIT_CONVERSION = YES;
				GCC_WARN_ABOUT_RETURN_TYPE = YES_ERROR;
				GCC_WARN_UNDECLARED_SELECTOR = YES;
				GCC_WARN_UNINITIALIZED_AUTOS = YES_AGGRESSIVE;
				GCC_WARN_UNUSED_FUNCTION = YES;
				GCC_WARN_UNUSED_VARIABLE = YES;
				IPHONEOS_DEPLOYMENT_TARGET = 18.2;
				LOCALIZATION_PREFERS_STRING_CATALOGS = YES;
				MTL_ENABLE_DEBUG_INFO = NO;
				MTL_FAST_MATH = YES;
				SDKROOT = iphoneos;
				SWIFT_COMPILATION_MODE = wholemodule;
				VALIDATE_PRODUCT = YES;
			};
			name = Release;
		};
/* End XCBuildConfiguration section */

/* Begin XCConfigurationList section */
		F9C39AD12EDB0A7600278284 /* Build configuration list for PBXProject "FirebaseChat" */ = {
			isa = XCConfigurationList;
			buildConfigurations = (
				F9C39AEC2EDB0A7900278284 /* Debug */,
				F9C39AED2EDB0A7900278284 /* Release */,
			);
			defaultConfigurationIsVisible = 0;
			defaultConfigurationName = Release;
		};
		F9C39AE92EDB0A7900278284 /* Build configuration list for PBXNativeTarget "FirebaseChat" */ = {
			isa = XCConfigurationList;
			buildConfigurations = (
				F9C39AEA2EDB0A7900278284 /* Debug */,
				F9C39AEB2EDB0A7900278284 /* Release */,
			);
			defaultConfigurationIsVisible = 0;
			defaultConfigurationName = Release;
		};
/* End XCConfigurationList section */
	};
	rootObject = F9C39ACE2EDB0A7600278284 /* Project object */;
}
